enhavo_block:
  blocks:
    header:
      type: base
      model: App\Entity\Block\HeaderBlock
      label: Header
      form: App\Form\Type\Block\HeaderBlockType
      template: 'theme/block/header.html.twig'
      factory: App\Factory\Block\HeaderBlockFactory
      groups:
          - layout
    picture:
      type: picture
#    gallery:
#      type: gallery
    text:
      type: text
    text_picture:
      type: text_picture
    blockquote:
      type: blockquote
    video:
      type: video
    one_column:
      type: one_column
      label: Content
    article_list:
      type: article_list
    article_teaser:
      type: article_teaser
    resource:
      type: resource
    slider:
      type: slider
